
Microsoft Visual Studio Solution File, Format Version 12.00
# Visual Studio Version 16
VisualStudioVersion = 16.0.30621.155
MinimumVisualStudioVersion = 10.0.40219.1
Project("{FAE04EC0-301F-11D3-BF4B-00C04F79EFBC}") = "SampleWebAppUSAzureProject", "SampleWebAppUSAzureProject\SampleWebAppUSAzureProject.csproj", "{B27682F4-2ED7-489F-AF73-BBF010F05531}"
EndProject
Global
	GlobalSection(SolutionConfigurationPlatforms) = preSolution
		Debug|Any CPU = Debug|Any CPU
		Release|Any CPU = Release|Any CPU
	EndGlobalSection
	GlobalSection(ProjectConfigurationPlatforms) = postSolution
		{B27682F4-2ED7-489F-AF73-BBF010F05531}.Debug|Any CPU.ActiveCfg = Debug|Any CPU
		{B27682F4-2ED7-489F-AF73-BBF010F05531}.Debug|Any CPU.Build.0 = Debug|Any CPU
		{B27682F4-2ED7-489F-AF73-BBF010F05531}.Release|Any CPU.ActiveCfg = Release|Any CPU
		{B27682F4-2ED7-489F-AF73-BBF010F05531}.Release|Any CPU.Build.0 = Release|Any CPU
	EndGlobalSection
	GlobalSection(SolutionProperties) = preSolution
		HideSolutionNode = FALSE
	EndGlobalSection
	GlobalSection(ExtensibilityGlobals) = postSolution
		SolutionGuid = {A226DA6C-510F-403E-99A7-11EAD84BF6BB}
	EndGlobalSection
EndGlobal
